
Microsoft Visual Studio Solution File, Format Version 12.00
# Visual Studio Version 16
VisualStudioVersion = 16.0.29020.237
MinimumVisualStudioVersion = 10.0.40219.1
Project("{FAE04EC0-301F-11D3-BF4B-00C04F79EFBC}") = "GamesApi", "GamesApi\GamesApi.csproj", "{9BC38173-7D22-4752-B381-AE54EEFFF9EC}"
EndProject
Project("{FAE04EC0-301F-11D3-BF4B-00C04F79EFBC}") = "GamesApiXunitTests", "GamesApiXunitTests\GamesApiXunitTests.csproj", "{F066764E-7525-4E65-820E-1ACFB75059CD}"
EndProject
Global
	GlobalSection(SolutionConfigurationPlatforms) = preSolution
		Debug|Any CPU = Debug|Any CPU
		Release|Any CPU = Release|Any CPU
	EndGlobalSection
	GlobalSection(ProjectConfigurationPlatforms) = postSolution
		{9BC38173-7D22-4752-B381-AE54EEFFF9EC}.Debug|Any CPU.ActiveCfg = Debug|Any CPU
		{9BC38173-7D22-4752-B381-AE54EEFFF9EC}.Debug|Any CPU.Build.0 = Debug|Any CPU
		{9BC38173-7D22-4752-B381-AE54EEFFF9EC}.Release|Any CPU.ActiveCfg = Release|Any CPU
		{9BC38173-7D22-4752-B381-AE54EEFFF9EC}.Release|Any CPU.Build.0 = Release|Any CPU
		{F066764E-7525-4E65-820E-1ACFB75059CD}.Debug|Any CPU.ActiveCfg = Debug|Any CPU
		{F066764E-7525-4E65-820E-1ACFB75059CD}.Debug|Any CPU.Build.0 = Debug|Any CPU
		{F066764E-7525-4E65-820E-1ACFB75059CD}.Release|Any CPU.ActiveCfg = Release|Any CPU
		{F066764E-7525-4E65-820E-1ACFB75059CD}.Release|Any CPU.Build.0 = Release|Any CPU
	EndGlobalSection
	GlobalSection(SolutionProperties) = preSolution
		HideSolutionNode = FALSE
	EndGlobalSection
	GlobalSection(ExtensibilityGlobals) = postSolution
		SolutionGuid = {312D6A61-88BB-4650-AC97-3D4B8B0F6440}
	EndGlobalSection
EndGlobal
